
Microsoft Visual Studio Solution File, Format Version 12.00
# Visual Studio Version 17
VisualStudioVersion = 17.11.35312.102
MinimumVisualStudioVersion = 10.0.40219.1
Project("{FAE04EC0-301F-11D3-BF4B-00C04F79EFBC}") = "palindrome words", "palindrome words\palindrome words.csproj", "{3CC56377-D981-45F8-8E19-F31BDF6A7FEF}"
EndProject
Global
	GlobalSection(SolutionConfigurationPlatforms) = preSolution
		Debug|Any CPU = Debug|Any CPU
		Release|Any CPU = Release|Any CPU
	EndGlobalSection
	GlobalSection(ProjectConfigurationPlatforms) = postSolution
		{3CC56377-D981-45F8-8E19-F31BDF6A7FEF}.Debug|Any CPU.ActiveCfg = Debug|Any CPU
		{3CC56377-D981-45F8-8E19-F31BDF6A7FEF}.Debug|Any CPU.Build.0 = Debug|Any CPU
		{3CC56377-D981-45F8-8E19-F31BDF6A7FEF}.Release|Any CPU.ActiveCfg = Release|Any CPU
		{3CC56377-D981-45F8-8E19-F31BDF6A7FEF}.Release|Any CPU.Build.0 = Release|Any CPU
	EndGlobalSection
	GlobalSection(SolutionProperties) = preSolution
		HideSolutionNode = FALSE
	EndGlobalSection
	GlobalSection(ExtensibilityGlobals) = postSolution
		SolutionGuid = {451E3168-F4E7-4A34-9632-CB1BE1879416}
	EndGlobalSection
EndGlobal
